[[package]]
name = "add-one"
version = "0.1.0"
dependencies = [
 "num-bigint 0.2.0 (registry+https://github.com/rust-lang/crates.io-index)",
 "num-traits 0.2.5 (registry+https://github.com/rust-lang/crates.io-index)",
]

[[package]]
name = "num-bigint"
version = "0.2.0"
source = "registry+https://github.com/rust-lang/crates.io-index"
dependencies = [
 "num-integer 0.1.39 (registry+https://github.com/rust-lang/crates.io-index)",
 "num-traits 0.2.5 (registry+https://github.com/rust-lang/crates.io-index)",
]

[[package]]
name = "num-integer"
version = "0.1.39"
source = "registry+https://github.com/rust-lang/crates.io-index"
dependencies = [
 "num-traits 0.2.5 (registry+https://github.com/rust-lang/crates.io-index)",
]

[[package]]
name = "num-traits"
version = "0.2.5"
source = "registry+https://github.com/rust-lang/crates.io-index"

[metadata]
"checksum num-bigint 0.2.0 (registry+https://github.com/rust-lang/crates.io-index)" = "3eceac7784c5dc97c2d6edf30259b4e153e6e2b42b3c85e9a6e9f45d06caef6e"
"checksum num-integer 0.1.39 (registry+https://github.com/rust-lang/crates.io-index)" = "e83d528d2677f0518c570baf2b7abdcf0cd2d248860b68507bdcb3e91d4c0cea"
"checksum num-traits 0.2.5 (registry+https://github.com/rust-lang/crates.io-index)" = "630de1ef5cc79d0cdd78b7e33b81f083cbfe90de0f4b2b2f07f905867c70e9fe"
